version = 1
revision = 3
requires-python = "==3.12.*"

[[package]]
name = "anyio"
version = "4.15.1"
source = { registry = "https://pypi.org/simple" }
dependencies = [
    { name = "idna" },
    { name = "typing-extensions" },
]
sdist = { url = "https://files.pythonhosted.org/packages/a9/d2/f4d173e22df740bc37b1db102b386ba719b66e95b0f0d751f556b387e6d2/anyio-4.15.1.tar.gz", hash = "sha256:9f28306018cbd6d329e64a36d58256edff76dd996fe423bc957326e578b82a94", size = 276966, upload-time = "2026-09-05T10:42:39.44Z" }
wheels = [
    { url = "https://files.pythonhosted.org/packages/12/b8/4bd346e22b28902df4d651910f5242c28d84e4a5c2435ca5c3f797ed7e2e/anyio-4.15.1-py3-none-any.whl", hash = "sha256:6152fdbbf9a77fdec97731721bebf7c4c44f7c29b424b0065826173efc7ed101", size = 132079, upload-time = "2026-09-05T10:42:37.923Z" },
]

[[package]]
name = "certifi"
version = "2026.7.22"
source = { registry = "https://pypi.org/simple" }
sdist = { url = "https://files.pythonhosted.org/packages/a3/c2/24167ea9858356b47a87a50d39908bfdb72ceeefe0041586e704e5376b3a/certifi-2026.7.22.tar.gz", hash = "sha256:741e2c3b351ddf169a738da9f2c048608ff7f2c5cc02f1ebc6b118bb090d5d55", size = 138112, upload-time = "2026-07-22T03:35:12.644Z" }
wheels = [
    { url = "https://files.pythonhosted.org/packages/0b/a7/71ac2cff56fec219ed242bb11b8efb69fcc4bec75db06fb7bfe35de520e6/certifi-2026.7.22-py3-none-any.whl", hash = "sha256:62f22742b58a1a33014a2b6b706588a8d7e2a88ae7bd1a6ebe8c992928483775", size = 136983, upload-time = "2026-07-22T03:35:11.276Z" },
]

[[package]]
name = "cloudpickle"
version = "3.1.2"
source = { registry = "https://pypi.org/simple" }
sdist = { url = "https://files.pythonhosted.org/packages/27/fb/576f067976d320f5f0114a8d9fa1215425441bb35627b1993e5afd8111e5/cloudpickle-3.1.2.tar.gz", hash = "sha256:7fda9eb655c9c230dab534f1983763de5835249750e85fbcef43aaa30a9a2414", size = 22330, upload-time = "2025-11-03T09:25:26.604Z" }
wheels = [
    { url = "https://files.pythonhosted.org/packages/88/39/799be3f2f0f38cc727ee3b4f1445fe6d5e4133064ec2e4115069418a5bb6/cloudpickle-3.1.2-py3-none-any.whl", hash = "sha256:9acb47f6afd73f60dc1df93bb801b472f05ff42fa6c84167d25cb206be1fbf4a", size = 22228, upload-time = "2025-11-03T09:25:25.534Z" },
]

[[package]]
name = "colorama"
version = "0.4.6"
source = { registry = "https://pypi.org/simple" }
sdist = { url = "https://files.pythonhosted.org/packages/d8/53/6f443c9a4a8358a93a6792e2acffb9d9d5cb0a5cfd8802644b7b1c9a02e4/colorama-0.4.6.tar.gz", hash = "sha256:08695f5cb7ed6e0531a20572697297273c47b8cae5a63ffc6d6ed5c201be6e44", size = 27697, upload-time = "2022-10-25T02:36:22.414Z" }
wheels = [
    { url = "https://files.pythonhosted.org/packages/d1/d6/3965ed04c63042e047cb6a3e6ed1a63a35087b6a609aa3a15ed8ac56c221/colorama-0.4.6-py2.py3-none-any.whl", hash = "sha256:4f1d9991f5acc0ca119f9d443620b77f9d6b33703e51011c16baf57afb285fc6", size = 25335, upload-time = "2022-10-25T02:36:20.889Z" },
]

[[package]]
name = "gym"
version = "0.26.2"
source = { registry = "https://pypi.org/simple" }
dependencies = [
    { name = "cloudpickle" },
    { name = "gym-notices" },
    { name = "numpy" },
]
sdist = { url = "https://files.pythonhosted.org/packages/ab/b1/eb05a423eb801ab7d0715d6a3b28d92589e30b437052553df19ca2087240/gym-0.26.2.tar.gz", hash = "sha256:e0d882f4b54f0c65f203104c24ab8a38b039f1289986803c7d02cdbe214fbcc4", size = 721689, upload-time = "2022-10-04T23:57:43.247Z" }

[[package]]
name = "gym-notices"
version = "0.1.0"
source = { registry = "https://pypi.org/simple" }
sdist = { url = "https://files.pythonhosted.org/packages/a2/4d/035922b950b224ee4b65a9a4550a22eac8985a3f0e1ef42546d9047e7a72/gym_notices-0.1.0.tar.gz", hash = "sha256:9f9477ef68a8c15e42625d4fa53631237e3e6ae947f325b5c149c081499adc1b", size = 3084, upload-time = "2025-07-27T10:12:41.534Z" }
wheels = [
    { url = "https://files.pythonhosted.org/packages/41/55/55d157aa8693090954fc9639bf27218240517c3bc7afa6e97412da6ebfd9/gym_notices-0.1.0-py3-none-any.whl", hash = "sha256:a943af4446cb619d04fd1e470b9272b4473e08a06d1c7cc9005755a4a0b8c905", size = 3349, upload-time = "2025-07-27T10:12:40.039Z" },
]

[[package]]
name = "gym-super-mario-bros"
version = "7.4.0"
source = { registry = "https://pypi.org/simple" }
dependencies = [
    { name = "nes-py" },
]
sdist = { url = "https://files.pythonhosted.org/packages/0d/d0/af1263150596ff8cce3709c9883c1492de67b87b45322875cd6b03b8c967/gym_super_mario_bros-7.4.0.tar.gz", hash = "sha256:9330e6e4f75b4405125abffb35bf1338b9027d2d87e7d4504e2cf05269541ac7", size = 200831, upload-time = "2022-06-21T04:40:07.536Z" }
wheels = [
    { url = "https://files.pythonhosted.org/packages/0c/4f/0951ba1480c6f874a5e3b043f20d06fc1951cc03844e8bcfa6208291d712/gym_super_mario_bros-7.4.0-py3-none-any.whl", hash = "sha256:5aa094115a32ed3d7f2eb044bc24486888af4f878695c9f26c7383a80c744602", size = 199075, upload-time = "2022-06-21T04:40:04.601Z" },
]

[[package]]
name = "h11"
version = "0.16.0"
source = { registry = "https://pypi.org/simple" }
sdist = { url = "https://files.pythonhosted.org/packages/01/ee/02a2c011bdab74c6fb3c75474d40b3052059d95df7e73351460c8588d963/h11-0.16.0.tar.gz", hash = "sha256:4e35b956cf45792e4caa5885e69fba00bdbc6ffafbfa020300e549b208ee5ff1", size = 101250, upload-time = "2025-04-24T03:35:25.427Z" }
wheels = [
    { url = "https://files.pythonhosted.org/packages/04/4b/29cac41a4d98d144bf5f6d33995617b185d14b22401f75ca86f384e87ff1/h11-0.16.0-py3-none-any.whl", hash = "sha256:63cf8bbe7522de3bf65932fda1d9c2772064ffb3dae62d55932da54b31cb6c86", size = 37515, upload-time = "2025-04-24T03:35:24.344Z" },
]

[[package]]
name = "httpcore"
version = "1.0.9"
source = { registry = "https://pypi.org/simple" }
dependencies = [
    { name = "certifi" },
    { name = "h11" },
]
sdist = { url = "https://files.pythonhosted.org/packages/06/94/82699a10bca87a5556c9c59b5963f2d039dbd239f25bc2a63907a05a14cb/httpcore-1.0.9.tar.gz", hash = "sha256:6e34463af53fd2ab5d807f399a9b45ea31c3dfa2276f15a2c3f00afff6e176e8", size = 85484, upload-time = "2025-04-24T22:06:22.219Z" }
wheels = [
    { url = "https://files.pythonhosted.org/packages/7e/f5/f66802a942d491edb555dd61e3a9961140fd64c90bce1eafd741609d334d/httpcore-1.0.9-py3-none-any.whl", hash = "sha256:2d400746a40668fc9dec9810239072b40b4484b640a8c38fd654a024c7a1bf55", size = 78784, upload-time = "2025-04-24T22:06:20.566Z" },
]

[[package]]
name = "httpx"
version = "0.28.1"
source = { registry = "https://pypi.org/simple" }
dependencies = [
    { name = "anyio" },
    { name = "certifi" },
    { name = "httpcore" },
    { name = "idna" },
]
sdist = { url = "https://files.pythonhosted.org/packages/b1/df/48c586a5fe32a0f01324ee087459e112ebb7224f646c0b5023f5e79e9956/httpx-0.28.1.tar.gz", hash = "sha256:75e98c5f16b0f35b567856f597f06ff2270a374470a5c2392242528e3e3e42fc", size = 141406, upload-time = "2024-12-06T15:37:23.222Z" }
wheels = [
    { url = "https://files.pythonhosted.org/packages/2a/39/e50c7c3a983047577ee07d2a9e53faf5a69493943ec3f6a384bdc792deb2/httpx-0.28.1-py3-none-any.whl", hash = "sha256:d909fcccc110f8c7faf814ca82a9a4d816bc5a6dbfea25d6591d6985b8ba59ad", size = 73517, upload-time = "2024-12-06T15:37:21.509Z" },
]

[[package]]
name = "idna"
version = "3.20"
source = { registry = "https://pypi.org/simple" }
sdist = { url = "https://files.pythonhosted.org/packages/f5/08/8eea9d4b8302028f3abb2c0813953f7aec26d33b7a8960ed760e65ff29fa/idna-3.20.tar.gz", hash = "sha256:a7db850025b95ded1eae8a46181a1a6c56c92c96f0e2b005d9ff8dc0210cab44", size = 216463, upload-time = "2026-09-17T14:11:04.752Z" }
wheels = [
    { url = "https://files.pythonhosted.org/packages/58/a2/bb081bab032533a855d44de1d56f8e8426114ff1ba5d1f07a438a0a654f8/idna-3.20-py3-none-any.whl", hash = "sha256:ab7ae7122974553370f0bdb919e1a960b2cd1bc1ef0276416d896db81c14582c", size = 69583, upload-time = "2026-09-17T14:11:03.168Z" },
]

[[package]]
name = "imageio"
version = "2.37.4"
source = { registry = "https://pypi.org/simple" }
dependencies = [
    { name = "numpy" },
    { name = "pillow" },
]
sdist = { url = "https://files.pythonhosted.org/packages/48/62/aa770a9307508d2a2a2c62d536a49347bffe9e55322db27838d3c93d0b07/imageio-2.37.4.tar.gz", hash = "sha256:e45cbc5e83502047fb138f7f585f7f105a136a57eea5f4b3cfc6ce1b52720bd3", size = 390173, upload-time = "2026-07-20T05:26:11.369Z" }
wheels = [
    { url = "https://files.pythonhosted.org/packages/3e/2d/ca050652104bab2cf55e569db2a178b1b61cb041fef28307f2db383f6d9f/imageio-2.37.4-py3-none-any.whl", hash = "sha256:1ab2e22c8debf700f24c3ac43e8f95f3b3a8110c83b93411e97b4b0b2cd1c7e6", size = 318000, upload-time = "2026-07-20T05:26:09.874Z" },
]

[[package]]
name = "jev-mario"
version = "0.1.0"
source = { virtual = "." }
dependencies = [
    { name = "gym" },
    { name = "gym-super-mario-bros" },
    { name = "httpx" },
    { name = "imageio" },
    { name = "nes-py" },
    { name = "numpy" },
    { name = "pillow" },
]

[package.metadata]
requires-dist = [
    { name = "gym", specifier = "==0.26.2" },
    { name = "gym-super-mario-bros", specifier = "==7.4.0" },
    { name = "httpx", specifier = ">=0.27" },
    { name = "imageio", specifier = ">=2.34" },
    { name = "nes-py", specifier = "==8.2.1" },
    { name = "numpy", specifier = "<2" },
    { name = "pillow", specifier = ">=10" },
]

[[package]]
name = "nes-py"
version = "8.2.1"
source = { registry = "https://pypi.org/simple" }
dependencies = [
    { name = "gym" },
    { name = "numpy" },
    { name = "pyglet" },
    { name = "tqdm" },
]
sdist = { url = "https://files.pythonhosted.org/packages/04/6b/51c9efe4fc67a9311b1125a19ec7a6176c8f0b8334e418d7f5bc53aeec56/nes_py-8.2.1.tar.gz", hash = "sha256:82f6cb9a6f065fb4b248951a6e334cfeb2a3c83316b7c95cfe3dbe176e6c854a", size = 77667, upload-time = "2022-06-21T03:44:53.103Z" }

[[package]]
name = "numpy"
version = "1.26.4"
source = { registry = "https://pypi.org/simple" }
sdist = { url = "https://files.pythonhosted.org/packages/65/6e/09db70a523a96d25e115e71cc56a6f9031e7b8cd166c1ac8438307c14058/numpy-1.26.4.tar.gz", hash = "sha256:2a02aba9ed12e4ac4eb3ea9421c420301a0c6460d9830d74a9df87efa4912010", size = 15786129, upload-time = "2024-02-06T00:26:44.495Z" }
wheels = [
    { url = "https://files.pythonhosted.org/packages/95/12/8f2020a8e8b8383ac0177dc9570aad031a3beb12e38847f7129bacd96228/numpy-1.26.4-cp312-cp312-macosx_10_9_x86_64.whl", hash = "sha256:b3ce300f3644fb06443ee2222c2201dd3a89ea6040541412b8fa189341847218", size = 20335901, upload-time = "2024-02-05T23:55:32.801Z" },
    { url = "https://files.pythonhosted.org/packages/75/5b/ca6c8bd14007e5ca171c7c03102d17b4f4e0ceb53957e8c44343a9546dcc/numpy-1.26.4-cp312-cp312-macosx_11_0_arm64.whl", hash = "sha256:03a8c78d01d9781b28a6989f6fa1bb2c4f2d51201cf99d3dd875df6fbd96b23b", size = 13685868, upload-time = "2024-02-05T23:55:56.28Z" },
    { url = "https://files.pythonhosted.org/packages/79/f8/97f10e6755e2a7d027ca783f63044d5b1bc1ae7acb12afe6a9b4286eac17/numpy-1.26.4-cp312-cp312-manylinux_2_17_aarch64.manylinux2014_aarch64.whl", hash = "sha256:9fad7dcb1aac3c7f0584a5a8133e3a43eeb2fe127f47e3632d43d677c66c102b", size = 13925109, upload-time = "2024-02-05T23:56:20.368Z" },
    { url = "https://files.pythonhosted.org/packages/0f/50/de23fde84e45f5c4fda2488c759b69990fd4512387a8632860f3ac9cd225/numpy-1.26.4-cp312-cp312-manylinux_2_17_x86_64.manylinux2014_x86_64.whl", hash = "sha256:675d61ffbfa78604709862923189bad94014bef562cc35cf61d3a07bba02a7ed", size = 17950613, upload-time = "2024-02-05T23:56:56.054Z" },
    { url = "https://files.pythonhosted.org/packages/4c/0c/9c603826b6465e82591e05ca230dfc13376da512b25ccd0894709b054ed0/numpy-1.26.4-cp312-cp312-musllinux_1_1_aarch64.whl", hash = "sha256:ab47dbe5cc8210f55aa58e4805fe224dac469cde56b9f731a4c098b91917159a", size = 13572172, upload-time = "2024-02-05T23:57:21.56Z" },
    { url = "https://files.pythonhosted.org/packages/76/8c/2ba3902e1a0fc1c74962ea9bb33a534bb05984ad7ff9515bf8d07527cadd/numpy-1.26.4-cp312-cp312-musllinux_1_1_x86_64.whl", hash = "sha256:1dda2e7b4ec9dd512f84935c5f126c8bd8b9f2fc001e9f54af255e8c5f16b0e0", size = 17786643, upload-time = "2024-02-05T23:57:56.585Z" },
    { url = "https://files.pythonhosted.org/packages/28/4a/46d9e65106879492374999e76eb85f87b15328e06bd1550668f79f7b18c6/numpy-1.26.4-cp312-cp312-win32.whl", hash = "sha256:50193e430acfc1346175fcbdaa28ffec49947a06918b7b92130744e81e640110", size = 5677803, upload-time = "2024-02-05T23:58:08.963Z" },
    { url = "https://files.pythonhosted.org/packages/16/2e/86f24451c2d530c88daf997cb8d6ac622c1d40d19f5a031ed68a4b73a374/numpy-1.26.4-cp312-cp312-win_amd64.whl", hash = "sha256:08beddf13648eb95f8d867350f6a018a4be2e5ad54c8d8caed89ebca558b2818", size = 15517754, upload-time = "2024-02-05T23:58:36.364Z" },
]

[[package]]
name = "pillow"
version = "12.3.0"
source = { registry = "https://pypi.org/simple" }
sdist = { url = "https://files.pythonhosted.org/packages/1c/3d/bb7fca845737cf9d7dbde16ed1843984665ff2e0a518f5db43e77ec540b9/pillow-12.3.0.tar.gz", hash = "sha256:3b8182a766685eaa002637e28b4ec8d6b18819a0c71f579bf0dbaa5830297cce", size = 47025035, upload-time = "2026-07-01T11:56:38.965Z" }
wheels = [
    { url = "https://files.pythonhosted.org/packages/37/bf/fb3ebff8ddcb76aac5a01389251bbbb9519922a9b520d8247c1ca864a25d/pillow-12.3.0-cp312-cp312-macosx_10_13_x86_64.whl", hash = "sha256:ba09209fbe443b4acccebe845d8a138b89a8f4fbaeedd44953490b5315d5e965", size = 5345969, upload-time = "2026-07-01T11:54:06.397Z" },
    { url = "https://files.pythonhosted.org/packages/d8/66/9a386a92561f402389a4fc70c18838bf6d35eb5eb5c6850b4b2dc64f5048/pillow-12.3.0-cp312-cp312-macosx_11_0_arm64.whl", hash = "sha256:ffd0c5368496f41b0944be820fcb7a838aa6e623d250b01acf2643939c3f99d7", size = 4780323, upload-time = "2026-07-01T11:54:09.351Z" },
    { url = "https://files.pythonhosted.org/packages/25/27/ac8f99618ffd3dde21db0f4d4b1d2ab00c0880595bfd17df103f7f39fd0c/pillow-12.3.0-cp312-cp312-manylinux_2_27_aarch64.manylinux_2_28_aarch64.whl", hash = "sha256:d9c7f76c0673154f044e9d78c8655fb4213f6ca31a836df48b40fe5d187717b9", size = 6266838, upload-time = "2026-07-01T11:54:11.71Z" },
    { url = "https://files.pythonhosted.org/packages/84/21/a35af28dcc61f37ed850a2d64c65c701321dfbf25085e469d5559360cbbf/pillow-12.3.0-cp312-cp312-manylinux_2_27_x86_64.manylinux_2_28_x86_64.whl", hash = "sha256:78cb2c6865a35ab8ff8b75fd122f6033b92a62c82801110e48ddd6c936a45d91", size = 6940830, upload-time = "2026-07-01T11:54:13.732Z" },
    { url = "https://files.pythonhosted.org/packages/eb/51/8b08617af3ad95e33ce6d7dd2c99ed6c8298f7fb131636303956be022e25/pillow-12.3.0-cp312-cp312-musllinux_1_2_aarch64.whl", hash = "sha256:e491916b378fba47242221bb9ead245211b70d504f495d105d17b14a24b4907c", size = 6344383, upload-time = "2026-07-01T11:54:15.756Z" },
    { url = "https://files.pythonhosted.org/packages/1d/72/cf78ac9780bb93c28328f408973845a309d4d145041665f734572ced1b52/pillow-12.3.0-cp312-cp312-musllinux_1_2_x86_64.whl", hash = "sha256:0dd2064cbc55aaec028ef5fbb60fa47bb6c3e7918e07ff17935284b227a9d2df", size = 7052934, upload-time = "2026-07-01T11:54:17.721Z" },
    { url = "https://files.pythonhosted.org/packages/20/20/25e0f4dc178a6bc0696793720055519a0de89e7661dae886992decbd2f81/pillow-12.3.0-cp312-cp312-win32.whl", hash = "sha256:dbce0b29841537a2fa4a214c2bbf14de3587c9680caa9b4e217568472490b28f", size = 6472684, upload-time = "2026-07-01T11:54:19.839Z" },
    { url = "https://files.pythonhosted.org/packages/45/89/da2f7971a317f83d807fdd4065c0af40208e59e692cc43d315a71a0e96d1/pillow-12.3.0-cp312-cp312-win_amd64.whl", hash = "sha256:a2b55dd6b2a4c4b7d87ffa56bdb33fdc5fdb9a462173861a7bc097f17d91cb09", size = 7227137, upload-time = "2026-07-01T11:54:22.025Z" },
    { url = "https://files.pythonhosted.org/packages/de/47/4845a0a6c0dbf1db8456bd9fc791f13c5ced7ced20606d08a0aacfd25b49/pillow-12.3.0-cp312-cp312-win_arm64.whl", hash = "sha256:331b624368d4f1d069149002f25f44bc61c8919ce8ddb3c45bdad8f6e2d89510", size = 2568267, upload-time = "2026-07-01T11:54:24.051Z" },
]

[[package]]
name = "pyglet"
version = "1.5.21"
source = { registry = "https://pypi.org/simple" }
sdist = { url = "https://files.pythonhosted.org/packages/5c/19/a92f13894876d24d98077686e44e77b7eb60e903e6c394ad1d9c43b5ddb1/pyglet-1.5.21.zip", hash = "sha256:5aaaddb06dc4b6f9ba08254d8d806a2bd2406925a9caf3a51fdffbd5d09728e2", size = 6971519, upload-time = "2021-09-16T13:44:04.375Z" }
wheels = [
    { url = "https://files.pythonhosted.org/packages/0b/b7/7736d7638d91b354700dc9bae447728c514c4bc6ecb4c0f7e0cd9a390f20/pyglet-1.5.21-py3-none-any.whl", hash = "sha256:11f11ddda4ee456284f2ddd1fe5c62fe29ba8c42074d3d9ae52d094abc2e1b7c", size = 1123555, upload-time = "2021-09-16T13:43:59.526Z" },
]

[[package]]
name = "tqdm"
version = "4.70.1"
source = { registry = "https://pypi.org/simple" }
dependencies = [
    { name = "colorama", marker = "sys_platform == 'win32'" },
]
sdist = { url = "https://files.pythonhosted.org/packages/0d/ea/b2a5bd54b28a324dae8211928b2d730b6547500342c7e6c6dea08bd0a485/tqdm-4.70.1.tar.gz", hash = "sha256:cefd0eca11b2a37a3aee776544d4f4ae913f02688135b5556b8788dfa474afc4", size = 171846, upload-time = "2026-09-11T07:25:16.601Z" }
wheels = [
    { url = "https://files.pythonhosted.org/packages/a7/03/921a3d3c75785aca9ebfbfcabfbc3a1be12e2ab5265deb026d55a5a3f83e/tqdm-4.70.1-py3-none-any.whl", hash = "sha256:c293e525e6fef9c20e8728fd4612df02a0aa31bb5fe91ecd93e123b1b7bffa73", size = 80199, upload-time = "2026-09-11T07:25:14.599Z" },
]

[[package]]
name = "typing-extensions"
version = "4.16.0"
source = { registry = "https://pypi.org/simple" }
sdist = { url = "https://files.pythonhosted.org/packages/f6/cc/6253133b5bb138fc3306cebfbda2c520f545d36b5be2c7255cc528bb45d6/typing_extensions-4.16.0.tar.gz", hash = "sha256:dc983d19a509c94dba722ee6abd33940f7c05a89e243c47e907eb4db6f1a43e5", size = 113555, upload-time = "2026-07-02T08:40:05.92Z" }
wheels = [
    { url = "https://files.pythonhosted.org/packages/49/d3/b8441a820a491ddfc024b0b0cf0393375b75ea13866d9c66727e54c2fc80/typing_extensions-4.16.0-py3-none-any.whl", hash = "sha256:481caa481374e813c1b176ada14e97f1f67a4539ce9cfeb3f350d78d6370c2e8", size = 45571, upload-time = "2026-07-02T08:40:04.659Z" },
]
